// !$*UTF8*$!
{
	archiveVersion = 1;
	classes = {
	};
	objectVersion = 56;
	objects = {

/* Begin PBXBuildFile section */
		B8876F3129A7B7A000B463C5 /* SearchViewService.swift in Sources */ = {isa = PBXBuildFile; fileRef = B8876F3029A7B7A000B463C5 /* SearchViewService.swift */; };
		B8876F3329A7B7BE00B463C5 /* SerachService.swift in Sources */ = {isa = PBXBuildFile; fileRef = B8876F3229A7B7BE00B463C5 /* SerachService.swift */; };
		B8876F3529A7B7D100B463C5 /* Model.swift in Sources */ = {isa = PBXBuildFile; fileRef = B8876F3429A7B7D100B463C5 /* Model.swift */; };
		B8876F3829A7B7F800B463C5 /* URLImage in Frameworks */ = {isa = PBXBuildFile; productRef = B8876F3729A7B7F800B463C5 /* URLImage */; };
		B8876F3A29A7B7F800B463C5 /* URLImageStore in Frameworks */ = {isa = PBXBuildFile; productRef = B8876F3929A7B7F800B463C5 /* URLImageStore */; };
		B89D432E29A74D0000C07640 /* LikeMindsApp.swift in Sources */ = {isa = PBXBuildFile; fileRef = B89D432D29A74D0000C07640 /* LikeMindsApp.swift */; };
		B89D433029A74D0000C07640 /* ContentView.swift in Sources */ = {isa = PBXBuildFile; fileRef = B89D432F29A74D0000C07640 /* ContentView.swift */; };
		B89D433229A74D0100C07640 /* Assets.xcassets in Resources */ = {isa = PBXBuildFile; fileRef = B89D433129A74D0100C07640 /* Assets.xcassets */; };
		B89D433529A74D0100C07640 /* Preview Assets.xcassets in Resources */ = {isa = PBXBuildFile; fileRef = B89D433429A74D0100C07640 /* Preview Assets.xcassets */; };
/* End PBXBuildFile section */

/* Begin PBXFileReference section */
		B8876F3029A7B7A000B463C5 /* SearchViewService.swift */ = {isa = PBXFileReference; lastKnownFileType = sourcecode.swift; path = SearchViewService.swift; sourceTree = "<group>"; };
		B8876F3229A7B7BE00B463C5 /* SerachService.swift */ = {isa = PBXFileReference; lastKnownFileType = sourcecode.swift; path = SerachService.swift; sourceTree = "<group>"; };
		B8876F3429A7B7D100B463C5 /* Model.swift */ = {isa = PBXFileReference; lastKnownFileType = sourcecode.swift; path = Model.swift; sourceTree = "<group>"; };
		B89D432A29A74D0000C07640 /* LikeMinds.app */ = {isa = PBXFileReference; explicitFileType = wrapper.application; includeInIndex = 0; path = LikeMinds.app; sourceTree = BUILT_PRODUCTS_DIR; };
		B89D432D29A74D0000C07640 /* LikeMindsApp.swift */ = {isa = PBXFileReference; lastKnownFileType = sourcecode.swift; path = LikeMindsApp.swift; sourceTree = "<group>"; };
		B89D432F29A74D0000C07640 /* ContentView.swift */ = {isa = PBXFileReference; lastKnownFileType = sourcecode.swift; path = ContentView.swift; sourceTree = "<group>"; };
		B89D433129A74D0100C07640 /* Assets.xcassets */ = {isa = PBXFileReference; lastKnownFileType = folder.assetcatalog; path = Assets.xcassets; sourceTree = "<group>"; };
		B89D433429A74D0100C07640 /* Preview Assets.xcassets */ = {isa = PBXFileReference; lastKnownFileType = folder.assetcatalog; path = "Preview Assets.xcassets"; sourceTree = "<group>"; };
/* End PBXFileReference section */

/* Begin PBXFrameworksBuildPhase section */
		B89D432729A74D0000C07640 /* Frameworks */ = {
			isa = PBXFrameworksBuildPhase;
			buildActionMask = 2147483647;
			files = (
				B8876F3A29A7B7F800B463C5 /* URLImageStore in Frameworks */,
				B8876F3829A7B7F800B463C5 /* URLImage in Frameworks */,
			);
			runOnlyForDeploymentPostprocessing = 0;
		};
/* End PBXFrameworksBuildPhase section */

/* Begin PBXGroup section */
		B89D432129A74D0000C07640 = {
			isa = PBXGroup;
			children = (
				B89D432C29A74D0000C07640 /* LikeMinds */,
				B89D432B29A74D0000C07640 /* Products */,
			);
			sourceTree = "<group>";
		};
		B89D432B29A74D0000C07640 /* Products */ = {
			isa = PBXGroup;
			children = (
				B89D432A29A74D0000C07640 /* LikeMinds.app */,
			);
			name = Products;
			sourceTree = "<group>";
		};
		B89D432C29A74D0000C07640 /* LikeMinds */ = {
			isa = PBXGroup;
			children = (
				B89D432D29A74D0000C07640 /* LikeMindsApp.swift */,
				B89D432F29A74D0000C07640 /* ContentView.swift */,
				B8876F3029A7B7A000B463C5 /* SearchViewService.swift */,
				B8876F3229A7B7BE00B463C5 /* SerachService.swift */,
				B8876F3429A7B7D100B463C5 /* Model.swift */,
				B89D433129A74D0100C07640 /* Assets.xcassets */,
				B89D433329A74D0100C07640 /* Preview Content */,
			);
			path = LikeMinds;
			sourceTree = "<group>";
		};
		B89D433329A74D0100C07640 /* Preview Content */ = {
			isa = PBXGroup;
			children = (
				B89D433429A74D0100C07640 /* Preview Assets.xcassets */,
			);
			path = "Preview Content";
			sourceTree = "<group>";
		};
/* End PBXGroup section */

/* Begin PBXNativeTarget section */
		B89D432929A74D0000C07640 /* LikeMinds */ = {
			isa = PBXNativeTarget;
			buildConfigurationList = B89D433829A74D0100C07640 /* Build configuration list for PBXNativeTarget "LikeMinds" */;
			buildPhases = (
				B89D432629A74D0000C07640 /* Sources */,
				B89D432729A74D0000C07640 /* Frameworks */,
				B89D432829A74D0000C07640 /* Resources */,
			);
			buildRules = (
			);
			dependencies = (
			);
			name = LikeMinds;
			packageProductDependencies = (
				B8876F3729A7B7F800B463C5 /* URLImage */,
				B8876F3929A7B7F800B463C5 /* URLImageStore */,
			);
			productName = LikeMinds;
			productReference = B89D432A29A74D0000C07640 /* LikeMinds.app */;
			productType = "com.apple.product-type.application";
		};
/* End PBXNativeTarget section */

/* Begin PBXProject section */
		B89D432229A74D0000C07640 /* Project object */ = {
			isa = PBXProject;
			attributes = {
				BuildIndependentTargetsInParallel = 1;
				LastSwiftUpdateCheck = 1420;
				LastUpgradeCheck = 1420;
				TargetAttributes = {
					B89D432929A74D0000C07640 = {
						CreatedOnToolsVersion = 14.2;
					};
				};
			};
			buildConfigurationList = B89D432529A74D0000C07640 /* Build configuration list for PBXProject "LikeMinds" */;
			compatibilityVersion = "Xcode 14.0";
			developmentRegion = en;
			hasScannedForEncodings = 0;
			knownRegions = (
				en,
				Base,
			);
			mainGroup = B89D432129A74D0000C07640;
			packageReferences = (
				B8876F3629A7B7F800B463C5 /* XCRemoteSwiftPackageReference "url-image" */,
			);
			productRefGroup = B89D432B29A74D0000C07640 /* Products */;
			projectDirPath = "";
			projectRoot = "";
			targets = (
				B89D432929A74D0000C07640 /* LikeMinds */,
			);
		};
/* End PBXProject section */

/* Begin PBXResourcesBuildPhase section */
		B89D432829A74D0000C07640 /* Resources */ = {
			isa = PBXResourcesBuildPhase;
			buildActionMask = 2147483647;
			files = (
				B89D433529A74D0100C07640 /* Preview Assets.xcassets in Resources */,
				B89D433229A74D0100C07640 /* Assets.xcassets in Resources */,
			);
			runOnlyForDeploymentPostprocessing = 0;
		};
/* End PBXResourcesBuildPhase section */

/* Begin PBXSourcesBuildPhase section */
		B89D432629A74D0000C07640 /* Sources */ = {
			isa = PBXSourcesBuildPhase;
			buildActionMask = 2147483647;
			files = (
				B8876F3529A7B7D100B463C5 /* Model.swift in Sources */,
				B8876F3129A7B7A000B463C5 /* SearchViewService.swift in Sources */,
				B8876F3329A7B7BE00B463C5 /* SerachService.swift in Sources */,
				B89D433029A74D0000C07640 /* ContentView.swift in Sources */,
				B89D432E29A74D0000C07640 /* LikeMindsApp.swift in Sources */,
			);
			runOnlyForDeploymentPostprocessing = 0;
		};
/* End PBXSourcesBuildPhase section */

/* Begin XCBuildConfiguration section */
		B89D433629A74D0100C07640 /* Debug */ = {
			isa = XCBuildConfiguration;
			buildSettings = {
				ALWAYS_SEARCH_USER_PATHS = NO;
				CLANG_ANALYZER_NONNULL = YES;
				CLANG_ANALYZER_NUMBER_OBJECT_CONVERSION = YES_AGGRESSIVE;
				CLANG_CXX_LANGUAGE_STANDARD = "gnu++20";
				CLANG_ENABLE_MODULES = YES;
				CLANG_ENABLE_OBJC_ARC = YES;
				CLANG_ENABLE_OBJC_WEAK = YES;
				CLANG_WARN_BLOCK_CAPTURE_AUTORELEASING = YES;
				CLANG_WARN_BOOL_CONVERSION = YES;
				CLANG_WARN_COMMA = YES;
				CLANG_WARN_CONSTANT_CONVERSION = YES;
				CLANG_WARN_DEPRECATED_OBJC_IMPLEMENTATIONS = YES;
				CLANG_WARN_DIRECT_OBJC_ISA_USAGE = YES_ERROR;
				CLANG_WARN_DOCUMENTATION_COMMENTS = YES;
				CLANG_WARN_EMPTY_BODY = YES;
				CLANG_WARN_ENUM_CONVERSION = YES;
				CLANG_WARN_INFINITE_RECURSION = YES;
				CLANG_WARN_INT_CONVERSION = YES;
				CLANG_WARN_NON_LITERAL_NULL_CONVERSION = YES;
				CLANG_WARN_OBJC_IMPLICIT_RETAIN_SELF = YES;
				CLANG_WARN_OBJC_LITERAL_CONVERSION = YES;
				CLANG_WARN_OBJC_ROOT_CLASS = YES_ERROR;
				CLANG_WARN_QUOTED_INCLUDE_IN_FRAMEWORK_HEADER = YES;
				CLANG_WARN_RANGE_LOOP_ANALYSIS = YES;
				CLANG_WARN_STRICT_PROTOTYPES = YES;
				CLANG_WARN_SUSPICIOUS_MOVE = YES;
				CLANG_WARN_UNGUARDED_AVAILABILITY = YES_AGGRESSIVE;
				CLANG_WARN_UNREACHABLE_CODE = YES;
				CLANG_WARN__DUPLICATE_METHOD_MATCH = YES;
				COPY_PHASE_STRIP = NO;
				DEBUG_INFORMATION_FORMAT = dwarf;
				ENABLE_STRICT_OBJC_MSGSEND = YES;
				ENABLE_TESTABILITY = YES;
				GCC_C_LANGUAGE_STANDARD = gnu11;
				GCC_DYNAMIC_NO_PIC = NO;
				GCC_NO_COMMON_BLOCKS = YES;
				GCC_OPTIMIZATION_LEVEL = 0;
				GCC_PREPROCESSOR_DEFINITIONS = (
					"DEBUG=1",
					"$(inherited)",
				);
				GCC_WARN_64_TO_32_BIT_CONVERSION = YES;
				GCC_WARN_ABOUT_RETURN_TYPE = YES_ERROR;
				GCC_WARN_UNDECLARED_SELECTOR = YES;
				GCC_WARN_UNINITIALIZED_AUTOS = YES_AGGRESSIVE;
				GCC_WARN_UNUSED_FUNCTION = YES;
				GCC_WARN_UNUSED_VARIABLE = YES;
				IPHONEOS_DEPLOYMENT_TARGET = 16.2;
				MTL_ENABLE_DEBUG_INFO = INCLUDE_SOURCE;
				MTL_FAST_MATH = YES;
				ONLY_ACTIVE_ARCH = YES;
				SDKROOT = iphoneos;
				SWIFT_ACTIVE_COMPILATION_CONDITIONS = DEBUG;
				SWIFT_OPTIMIZATION_LEVEL = "-Onone";
			};
			name = Debug;
		};
		B89D433729A74D0100C07640 /* Release */ = {
			isa = XCBuildConfiguration;
			buildSettings = {
				ALWAYS_SEARCH_USER_PATHS = NO;
				CLANG_ANALYZER_NONNULL = YES;
				CLANG_ANALYZER_NUMBER_OBJECT_CONVERSION = YES_AGGRESSIVE;
				CLANG_CXX_LANGUAGE_STANDARD = "gnu++20";
				CLANG_ENABLE_MODULES = YES;
				CLANG_ENABLE_OBJC_ARC = YES;
				CLANG_ENABLE_OBJC_WEAK = YES;
				CLANG_WARN_BLOCK_CAPTURE_AUTORELEASING = YES;
				CLANG_WARN_BOOL_CONVERSION = YES;
				CLANG_WARN_COMMA = YES;
				CLANG_WARN_CONSTANT_CONVERSION = YES;
				CLANG_WARN_DEPRECATED_OBJC_IMPLEMENTATIONS = YES;
				CLANG_WARN_DIRECT_OBJC_ISA_USAGE = YES_ERROR;
				CLANG_WARN_DOCUMENTATION_COMMENTS = YES;
				CLANG_WARN_EMPTY_BODY = YES;
				CLANG_WARN_ENUM_CONVERSION = YES;
				CLANG_WARN_INFINITE_RECURSION = YES;
				CLANG_WARN_INT_CONVERSION = YES;
				CLANG_WARN_NON_LITERAL_NULL_CONVERSION = YES;
				CLANG_WARN_OBJC_IMPLICIT_RETAIN_SELF = YES;
				CLANG_WARN_OBJC_LITERAL_CONVERSION = YES;
				CLANG_WARN_OBJC_ROOT_CLASS = YES_ERROR;
				CLANG_WARN_QUOTED_INCLUDE_IN_FRAMEWORK_HEADER = YES;
				CLANG_WARN_RANGE_LOOP_ANALYSIS = YES;
				CLANG_WARN_STRICT_PROTOTYPES = YES;
				CLANG_WARN_SUSPICIOUS_MOVE = YES;
				CLANG_WARN_UNGUARDED_AVAILABILITY = YES_AGGRESSIVE;
				CLANG_WARN_UNREACHABLE_CODE = YES;
				CLANG_WARN__DUPLICATE_METHOD_MATCH = YES;
				COPY_PHASE_STRIP = NO;
				DEBUG_INFORMATION_FORMAT = "dwarf-with-dsym";
				ENABLE_NS_ASSERTIONS = NO;
				ENABLE_STRICT_OBJC_MSGSEND = YES;
				GCC_C_LANGUAGE_STANDARD = gnu11;
				GCC_NO_COMMON_BLOCKS = YES;
				GCC_WARN_64_TO_32_BIT_CONVERSION = YES;
				GCC_WARN_ABOUT_RETURN_TYPE = YES_ERROR;
				GCC_WARN_UNDECLARED_SELECTOR = YES;
				GCC_WARN_UNINITIALIZED_AUTOS = YES_AGGRESSIVE;
				GCC_WARN_UNUSED_FUNCTION = YES;
				GCC_WARN_UNUSED_VARIABLE = YES;
				IPHONEOS_DEPLOYMENT_TARGET = 16.2;
				MTL_ENABLE_DEBUG_INFO = NO;
				MTL_FAST_MATH = YES;
				SDKROOT = iphoneos;
				SWIFT_COMPILATION_MODE = wholemodule;
				SWIFT_OPTIMIZATION_LEVEL = "-O";
				VALIDATE_PRODUCT = YES;
			};
			name = Release;
		};
		B89D433929A74D0100C07640 /* Debug */ = {
			isa = XCBuildConfiguration;
			buildSettings = {
				ASSETCATALOG_COMPILER_APPICON_NAME = AppIcon;
				ASSETCATALOG_COMPILER_GLOBAL_ACCENT_COLOR_NAME = AccentColor;
				CODE_SIGN_STYLE = Automatic;
				CURRENT_PROJECT_VERSION = 1;
				DEVELOPMENT_ASSET_PATHS = "\"LikeMinds/Preview Content\"";
				DEVELOPMENT_TEAM = TLQ4B4Q956;
				ENABLE_PREVIEWS = YES;
				GENERATE_INFOPLIST_FILE = YES;
				INFOPLIST_KEY_UIApplicationSceneManifest_Generation = YES;
				INFOPLIST_KEY_UIApplicationSupportsIndirectInputEvents = YES;
				INFOPLIST_KEY_UILaunchScreen_Generation = YES;
				INFOPLIST_KEY_UISupportedInterfaceOrientations_iPad = "UIInterfaceOrientationPortrait UIInterfaceOrientationPortraitUpsideDown UIInterfaceOrientationLandscapeLeft UIInterfaceOrientationLandscapeRight";
				INFOPLIST_KEY_UISupportedInterfaceOrientations_iPhone = "UIInterfaceOrientationPortrait UIInterfaceOrientationLandscapeLeft UIInterfaceOrientationLandscapeRight";
				LD_RUNPATH_SEARCH_PATHS = (
					"$(inherited)",
					"@executable_path/Frameworks",
				);
				MARKETING_VERSION = 1.0;
				PRODUCT_BUNDLE_IDENTIFIER = com.adityakhadke.LikeMinds;
				PRODUCT_NAME = "$(TARGET_NAME)";
				SWIFT_EMIT_LOC_STRINGS = YES;
				SWIFT_VERSION = 5.0;
				TARGETED_DEVICE_FAMILY = "1,2";
			};
			name = Debug;
		};
		B89D433A29A74D0100C07640 /* Release */ = {
			isa = XCBuildConfiguration;
			buildSettings = {
				ASSETCATALOG_COMPILER_APPICON_NAME = AppIcon;
				ASSETCATALOG_COMPILER_GLOBAL_ACCENT_COLOR_NAME = AccentColor;
				CODE_SIGN_STYLE = Automatic;
				CURRENT_PROJECT_VERSION = 1;
				DEVELOPMENT_ASSET_PATHS = "\"LikeMinds/Preview Content\"";
				DEVELOPMENT_TEAM = TLQ4B4Q956;
				ENABLE_PREVIEWS = YES;
				GENERATE_INFOPLIST_FILE = YES;
				INFOPLIST_KEY_UIApplicationSceneManifest_Generation = YES;
				INFOPLIST_KEY_UIApplicationSupportsIndirectInputEvents = YES;
				INFOPLIST_KEY_UILaunchScreen_Generation = YES;
				INFOPLIST_KEY_UISupportedInterfaceOrientations_iPad = "UIInterfaceOrientationPortrait UIInterfaceOrientationPortraitUpsideDown UIInterfaceOrientationLandscapeLeft UIInterfaceOrientationLandscapeRight";
				INFOPLIST_KEY_UISupportedInterfaceOrientations_iPhone = "UIInterfaceOrientationPortrait UIInterfaceOrientationLandscapeLeft UIInterfaceOrientationLandscapeRight";
				LD_RUNPATH_SEARCH_PATHS = (
					"$(inherited)",
					"@executable_path/Frameworks",
				);
				MARKETING_VERSION = 1.0;
				PRODUCT_BUNDLE_IDENTIFIER = com.adityakhadke.LikeMinds;
				PRODUCT_NAME = "$(TARGET_NAME)";
				SWIFT_EMIT_LOC_STRINGS = YES;
				SWIFT_VERSION = 5.0;
				TARGETED_DEVICE_FAMILY = "1,2";
			};
			name = Release;
		};
/* End XCBuildConfiguration section */

/* Begin XCConfigurationList section */
		B89D432529A74D0000C07640 /* Build configuration list for PBXProject "LikeMinds" */ = {
			isa = XCConfigurationList;
			buildConfigurations = (
				B89D433629A74D0100C07640 /* Debug */,
				B89D433729A74D0100C07640 /* Release */,
			);
			defaultConfigurationIsVisible = 0;
			defaultConfigurationName = Release;
		};
		B89D433829A74D0100C07640 /* Build configuration list for PBXNativeTarget "LikeMinds" */ = {
			isa = XCConfigurationList;
			buildConfigurations = (
				B89D433929A74D0100C07640 /* Debug */,
				B89D433A29A74D0100C07640 /* Release */,
			);
			defaultConfigurationIsVisible = 0;
			defaultConfigurationName = Release;
		};
/* End XCConfigurationList section */

/* Begin XCRemoteSwiftPackageReference section */
		B8876F3629A7B7F800B463C5 /* XCRemoteSwiftPackageReference "url-image" */ = {
			isa = XCRemoteSwiftPackageReference;
			repositoryURL = "https://github.com/dmytro-anokhin/url-image";
			requirement = {
				branch = main;
				kind = branch;
			};
		};
/* End XCRemoteSwiftPackageReference section */

/* Begin XCSwiftPackageProductDependency section */
		B8876F3729A7B7F800B463C5 /* URLImage */ = {
			isa = XCSwiftPackageProductDependency;
			package = B8876F3629A7B7F800B463C5 /* XCRemoteSwiftPackageReference "url-image" */;
			productName = URLImage;
		};
		B8876F3929A7B7F800B463C5 /* URLImageStore */ = {
			isa = XCSwiftPackageProductDependency;
			package = B8876F3629A7B7F800B463C5 /* XCRemoteSwiftPackageReference "url-image" */;
			productName = URLImageStore;
		};
/* End XCSwiftPackageProductDependency section */
	};
	rootObject = B89D432229A74D0000C07640 /* Project object */;
}
